PODS:
  - Alamofire (4.0.0-beta.1)

DEPENDENCIES:
  - Alamofire (from `https://github.com/Alamofire/Alamofire.git`, branch `swift3`)

EXTERNAL SOURCES:
  Alamofire:
    :branch: swift3
    :git: https://github.com/Alamofire/Alamofire.git

CHECKOUT OPTIONS:
  Alamofire:
    :commit: 3cc5b4e8453bec9fd6b973d60e6b0605a38e4cf4
    :git: https://github.com/Alamofire/Alamofire.git

SPEC CHECKSUMS:
  Alamofire: 698bf56c9e48d3248168e4a3a90588ac2e23836a

PODFILE CHECKSUM: 712741c0585088cbafad2ddb4892b1d9bee0cae0

COCOAPODS: 1.0.1
